// !$*UTF8*$!
{
	archiveVersion = 1;
	classes = {
	};
	objectVersion = 77;
	objects = {

/* Begin PBXContainerItemProxy section */
		15913F752E8EB4B800A015C7 /* PBXContainerItemProxy */ = {
			isa = PBXContainerItemProxy;
			containerPortal = 15913F5D2E8EB4B600A015C7 /* Project object */;
			proxyType = 1;
			remoteGlobalIDString = 15913F642E8EB4B600A015C7;
			remoteInfo = LibertySocial;
		};
		15913F7F2E8EB4B800A015C7 /* PBXContainerItemProxy */ = {
			isa = PBXContainerItemProxy;
			containerPortal = 15913F5D2E8EB4B600A015C7 /* Project object */;
			proxyType = 1;
			remoteGlobalIDString = 15913F642E8EB4B600A015C7;
			remoteInfo = LibertySocial;
		};
/* End PBXContainerItemProxy section */

/* Begin PBXFileReference section */
		15913F652E8EB4B600A015C7 /* LibertySocial.app */ = {isa = PBXFileReference; explicitFileType = wrapper.application; includeInIndex = 0; path = LibertySocial.app; sourceTree = BUILT_PRODUCTS_DIR; };
		15913F742E8EB4B800A015C7 /* LibertySocialTests.xctest */ = {isa = PBXFileReference; explicitFileType = wrapper.cfbundle; includeInIndex = 0; path = LibertySocialTests.xctest; sourceTree = BUILT_PRODUCTS_DIR; };
		15913F7E2E8EB4B800A015C7 /* LibertySocialUITests.xctest */ = {isa = PBXFileReference; explicitFileType = wrapper.cfbundle; includeInIndex = 0; path = LibertySocialUITests.xctest; sourceTree = BUILT_PRODUCTS_DIR; };
/* End PBXFileReference section */

/* Begin PBXFileSystemSynchronizedBuildFileExceptionSet section */
		15064F492E942D56000E0D11 /* Exceptions for "LibertySocial" folder in "LibertySocialTests" target */ = {
			isa = PBXFileSystemSynchronizedBuildFileExceptionSet;
			membershipExceptions = (
				Presentation/Features/CreatePost/CreatePostViewModel.swift,
				Presentation/Features/Feed/FeedViewModel.swift,
				Presentation/Features/Login/LoginViewModel.swift,
				Presentation/Features/Main/MainViewModel.swift,
				Services/AuthService.swift,
			);
			target = 15913F732E8EB4B800A015C7 /* LibertySocialTests */;
		};
		15064F502E9430ED000E0D11 /* Exceptions for "LibertySocial" folder in "LibertySocialUITests" target */ = {
			isa = PBXFileSystemSynchronizedBuildFileExceptionSet;
			membershipExceptions = (
				Presentation/Features/CreatePost/CreatePostView.swift,
				Presentation/Features/CreatePost/CreatePostViewModel.swift,
				Presentation/Features/Feed/FeedView.swift,
				Presentation/Features/Feed/FeedViewModel.swift,
				Presentation/Features/Login/LoginView.swift,
				Presentation/Features/Main/MainView.swift,
				Presentation/Features/Main/MainViewModel.swift,
				Presentation/Features/TabBar/TabBarView.swift,
			);
			target = 15913F7D2E8EB4B800A015C7 /* LibertySocialUITests */;
		};
/* End PBXFileSystemSynchronizedBuildFileExceptionSet section */

/* Begin PBXFileSystemSynchronizedRootGroup section */
		15913F672E8EB4B600A015C7 /* LibertySocial */ = {
			isa = PBXFileSystemSynchronizedRootGroup;
			exceptions = (
				15064F492E942D56000E0D11 /* Exceptions for "LibertySocial" folder in "LibertySocialTests" target */,
				15064F502E9430ED000E0D11 /* Exceptions for "LibertySocial" folder in "LibertySocialUITests" target */,
			);
			path = LibertySocial;
			sourceTree = "<group>";
		};
		15913F772E8EB4B800A015C7 /* LibertySocialTests */ = {
			isa = PBXFileSystemSynchronizedRootGroup;
			path = LibertySocialTests;
			sourceTree = "<group>";
		};
		15913F812E8EB4B800A015C7 /* LibertySocialUITests */ = {
			isa = PBXFileSystemSynchronizedRootGroup;
			path = LibertySocialUITests;
			sourceTree = "<group>";
		};
/* End PBXFileSystemSynchronizedRootGroup section */

/* Begin PBXFrameworksBuildPhase section */
		15913F622E8EB4B600A015C7 /* Frameworks */ = {
			isa = PBXFrameworksBuildPhase;
			buildActionMask = 2147483647;
			files = (
			);
			runOnlyForDeploymentPostprocessing = 0;
		};
		15913F712E8EB4B800A015C7 /* Frameworks */ = {
			isa = PBXFrameworksBuildPhase;
			buildActionMask = 2147483647;
			files = (
			);
			runOnlyForDeploymentPostprocessing = 0;
		};
		15913F7B2E8EB4B800A015C7 /* Frameworks */ = {
			isa = PBXFrameworksBuildPhase;
			buildActionMask = 2147483647;
			files = (
			);
			runOnlyForDeploymentPostprocessing = 0;
		};
/* End PBXFrameworksBuildPhase section */

/* Begin PBXGroup section */
		15913F5C2E8EB4B600A015C7 = {
			isa = PBXGroup;
			children = (
				15913F672E8EB4B600A015C7 /* LibertySocial */,
				15913F772E8EB4B800A015C7 /* LibertySocialTests */,
				15913F812E8EB4B800A015C7 /* LibertySocialUITests */,
				15913F662E8EB4B600A015C7 /* Products */,
			);
			sourceTree = "<group>";
		};
		15913F662E8EB4B600A015C7 /* Products */ = {
			isa = PBXGroup;
			children = (
				15913F652E8EB4B600A015C7 /* LibertySocial.app */,
				15913F742E8EB4B800A015C7 /* LibertySocialTests.xctest */,
				15913F7E2E8EB4B800A015C7 /* LibertySocialUITests.xctest */,
			);
			name = Products;
			sourceTree = "<group>";
		};
/* End PBXGroup section */

/* Begin PBXNativeTarget section */
		15913F642E8EB4B600A015C7 /* LibertySocial */ = {
			isa = PBXNativeTarget;
			buildConfigurationList = 15913F882E8EB4B800A015C7 /* Build configuration list for PBXNativeTarget "LibertySocial" */;
			buildPhases = (
				15913F612E8EB4B600A015C7 /* Sources */,
				15913F622E8EB4B600A015C7 /* Frameworks */,
				15913F632E8EB4B600A015C7 /* Resources */,
			);
			buildRules = (
			);
			dependencies = (
			);
			fileSystemSynchronizedGroups = (
				15913F672E8EB4B600A015C7 /* LibertySocial */,
			);
			name = LibertySocial;
			packageProductDependencies = (
			);
			productName = LibertySocial;
			productReference = 15913F652E8EB4B600A015C7 /* LibertySocial.app */;
			productType = "com.apple.product-type.application";
		};
		15913F732E8EB4B800A015C7 /* LibertySocialTests */ = {
			isa = PBXNativeTarget;
			buildConfigurationList = 15913F8B2E8EB4B800A015C7 /* Build configuration list for PBXNativeTarget "LibertySocialTests" */;
			buildPhases = (
				15913F702E8EB4B800A015C7 /* Sources */,
				15913F712E8EB4B800A015C7 /* Frameworks */,
				15913F722E8EB4B800A015C7 /* Resources */,
			);
			buildRules = (
			);
			dependencies = (
				15913F762E8EB4B800A015C7 /* PBXTargetDependency */,
			);
			fileSystemSynchronizedGroups = (
				15913F772E8EB4B800A015C7 /* LibertySocialTests */,
			);
			name = LibertySocialTests;
			packageProductDependencies = (
			);
			productName = LibertySocialTests;
			productReference = 15913F742E8EB4B800A015C7 /* LibertySocialTests.xctest */;
			productType = "com.apple.product-type.bundle.unit-test";
		};
		15913F7D2E8EB4B800A015C7 /* LibertySocialUITests */ = {
			isa = PBXNativeTarget;
			buildConfigurationList = 15913F8E2E8EB4B800A015C7 /* Build configuration list for PBXNativeTarget "LibertySocialUITests" */;
			buildPhases = (
				15913F7A2E8EB4B800A015C7 /* Sources */,
				15913F7B2E8EB4B800A015C7 /* Frameworks */,
				15913F7C2E8EB4B800A015C7 /* Resources */,
			);
			buildRules = (
			);
			dependencies = (
				15913F802E8EB4B800A015C7 /* PBXTargetDependency */,
			);
			fileSystemSynchronizedGroups = (
				15913F812E8EB4B800A015C7 /* LibertySocialUITests */,
			);
			name = LibertySocialUITests;
			packageProductDependencies = (
			);
			productName = LibertySocialUITests;
			productReference = 15913F7E2E8EB4B800A015C7 /* LibertySocialUITests.xctest */;
			productType = "com.apple.product-type.bundle.ui-testing";
		};
/* End PBXNativeTarget section */

/* Begin PBXProject section */
		15913F5D2E8EB4B600A015C7 /* Project object */ = {
			isa = PBXProject;
			attributes = {
				BuildIndependentTargetsInParallel = 1;
				LastSwiftUpdateCheck = 2600;
				LastUpgradeCheck = 2600;
				TargetAttributes = {
					15913F642E8EB4B600A015C7 = {
						CreatedOnToolsVersion = 26.0.1;
					};
					15913F732E8EB4B800A015C7 = {
						CreatedOnToolsVersion = 26.0.1;
						TestTargetID = 15913F642E8EB4B600A015C7;
					};
					15913F7D2E8EB4B800A015C7 = {
						CreatedOnToolsVersion = 26.0.1;
						TestTargetID = 15913F642E8EB4B600A015C7;
					};
				};
			};
			buildConfigurationList = 15913F602E8EB4B600A015C7 /* Build configuration list for PBXProject "LibertySocial" */;
			developmentRegion = en;
			hasScannedForEncodings = 0;
			knownRegions = (
				en,
				Base,
			);
			mainGroup = 15913F5C2E8EB4B600A015C7;
			minimizedProjectReferenceProxies = 1;
			preferredProjectObjectVersion = 77;
			productRefGroup = 15913F662E8EB4B600A015C7 /* Products */;
			projectDirPath = "";
			projectRoot = "";
			targets = (
				15913F642E8EB4B600A015C7 /* LibertySocial */,
				15913F732E8EB4B800A015C7 /* LibertySocialTests */,
				15913F7D2E8EB4B800A015C7 /* LibertySocialUITests */,
			);
		};
/* End PBXProject section */

/* Begin PBXResourcesBuildPhase section */
		15913F632E8EB4B600A015C7 /* Resources */ = {
			isa = PBXResourcesBuildPhase;
			buildActionMask = 2147483647;
			files = (
			);
			runOnlyForDeploymentPostprocessing = 0;
		};
		15913F722E8EB4B800A015C7 /* Resources */ = {
			isa = PBXResourcesBuildPhase;
			buildActionMask = 2147483647;
			files = (
			);
			runOnlyForDeploymentPostprocessing = 0;
		};
		15913F7C2E8EB4B800A015C7 /* Resources */ = {
			isa = PBXResourcesBuildPhase;
			buildActionMask = 2147483647;
			files = (
			);
			runOnlyForDeploymentPostprocessing = 0;
		};
/* End PBXResourcesBuildPhase section */

/* Begin PBXSourcesBuildPhase section */
		15913F612E8EB4B600A015C7 /* Sources */ = {
			isa = PBXSourcesBuildPhase;
			buildActionMask = 2147483647;
			files = (
			);
			runOnlyForDeploymentPostprocessing = 0;
		};
		15913F702E8EB4B800A015C7 /* Sources */ = {
			isa = PBXSourcesBuildPhase;
			buildActionMask = 2147483647;
			files = (
			);
			runOnlyForDeploymentPostprocessing = 0;
		};
		15913F7A2E8EB4B800A015C7 /* Sources */ = {
			isa = PBXSourcesBuildPhase;
			buildActionMask = 2147483647;
			files = (
			);
			runOnlyForDeploymentPostprocessing = 0;
		};
/* End PBXSourcesBuildPhase section */

/* Begin PBXTargetDependency section */
		15913F762E8EB4B800A015C7 /* PBXTargetDependency */ = {
			isa = PBXTargetDependency;
			target = 15913F642E8EB4B600A015C7 /* LibertySocial */;
			targetProxy = 15913F752E8EB4B800A015C7 /* PBXContainerItemProxy */;
		};
		15913F802E8EB4B800A015C7 /* PBXTargetDependency */ = {
			isa = PBXTargetDependency;
			target = 15913F642E8EB4B600A015C7 /* LibertySocial */;
			targetProxy = 15913F7F2E8EB4B800A015C7 /* PBXContainerItemProxy */;
		};
/* End PBXTargetDependency section */

/* Begin XCBuildConfiguration section */
		15913F862E8EB4B800A015C7 /* Debug */ = {
			isa = XCBuildConfiguration;
			buildSettings = {
				ALWAYS_SEARCH_USER_PATHS = NO;
				ASSETCATALOG_COMPILER_GENERATE_SWIFT_ASSET_SYMBOL_EXTENSIONS = YES;
				CLANG_ANALYZER_NONNULL = YES;
				CLANG_ANALYZER_NUMBER_OBJECT_CONVERSION = YES_AGGRESSIVE;
				CLANG_CXX_LANGUAGE_STANDARD = "gnu++20";
				CLANG_ENABLE_MODULES = YES;
				CLANG_ENABLE_OBJC_ARC = YES;
				CLANG_ENABLE_OBJC_WEAK = YES;
				CLANG_WARN_BLOCK_CAPTURE_AUTORELEASING = YES;
				CLANG_WARN_BOOL_CONVERSION = YES;
				CLANG_WARN_COMMA = YES;
				CLANG_WARN_CONSTANT_CONVERSION = YES;
				CLANG_WARN_DEPRECATED_OBJC_IMPLEMENTATIONS = YES;
				CLANG_WARN_DIRECT_OBJC_ISA_USAGE = YES_ERROR;
				CLANG_WARN_DOCUMENTATION_COMMENTS = YES;
				CLANG_WARN_EMPTY_BODY = YES;
				CLANG_WARN_ENUM_CONVERSION = YES;
				CLANG_WARN_INFINITE_RECURSION = YES;
				CLANG_WARN_INT_CONVERSION = YES;
				CLANG_WARN_NON_LITERAL_NULL_CONVERSION = YES;
				CLANG_WARN_OBJC_IMPLICIT_RETAIN_SELF = YES;
				CLANG_WARN_OBJC_LITERAL_CONVERSION = YES;
				CLANG_WARN_OBJC_ROOT_CLASS = YES_ERROR;
				CLANG_WARN_QUOTED_INCLUDE_IN_FRAMEWORK_HEADER = YES;
				CLANG_WARN_RANGE_LOOP_ANALYSIS = YES;
				CLANG_WARN_STRICT_PROTOTYPES = YES;
				CLANG_WARN_SUSPICIOUS_MOVE = YES;
				CLANG_WARN_UNGUARDED_AVAILABILITY = YES_AGGRESSIVE;
				CLANG_WARN_UNREACHABLE_CODE = YES;
				CLANG_WARN__DUPLICATE_METHOD_MATCH = YES;
				COPY_PHASE_STRIP = NO;
				DEBUG_INFORMATION_FORMAT = dwarf;
				ENABLE_STRICT_OBJC_MSGSEND = YES;
				ENABLE_TESTABILITY = YES;
				ENABLE_USER_SCRIPT_SANDBOXING = YES;
				GCC_C_LANGUAGE_STANDARD = gnu17;
				GCC_DYNAMIC_NO_PIC = NO;
				GCC_NO_COMMON_BLOCKS = YES;
				GCC_OPTIMIZATION_LEVEL = 0;
				GCC_PREPROCESSOR_DEFINITIONS = (
					"DEBUG=1",
					"$(inherited)",
				);
				GCC_WARN_64_TO_32_BIT_CONVERSION = YES;
				GCC_WARN_ABOUT_RETURN_TYPE = YES_ERROR;
				GCC_WARN_UNDECLARED_SELECTOR = YES;
				GCC_WARN_UNINITIALIZED_AUTOS = YES_AGGRESSIVE;
				GCC_WARN_UNUSED_FUNCTION = YES;
				GCC_WARN_UNUSED_VARIABLE = YES;
				IPHONEOS_DEPLOYMENT_TARGET = 26.0;
				LOCALIZATION_PREFERS_STRING_CATALOGS = YES;
				MTL_ENABLE_DEBUG_INFO = INCLUDE_SOURCE;
				MTL_FAST_MATH = YES;
				ONLY_ACTIVE_ARCH = YES;
				SDKROOT = iphoneos;
				SWIFT_ACTIVE_COMPILATION_CONDITIONS = "DEBUG $(inherited)";
				SWIFT_OPTIMIZATION_LEVEL = "-Onone";
			};
			name = Debug;
		};
		15913F872E8EB4B800A015C7 /* Release */ = {
			isa = XCBuildConfiguration;
			buildSettings = {
				ALWAYS_SEARCH_USER_PATHS = NO;
				ASSETCATALOG_COMPILER_GENERATE_SWIFT_ASSET_SYMBOL_EXTENSIONS = YES;
				CLANG_ANALYZER_NONNULL = YES;
				CLANG_ANALYZER_NUMBER_OBJECT_CONVERSION = YES_AGGRESSIVE;
				CLANG_CXX_LANGUAGE_STANDARD = "gnu++20";
				CLANG_ENABLE_MODULES = YES;
				CLANG_ENABLE_OBJC_ARC = YES;
				CLANG_ENABLE_OBJC_WEAK = YES;
				CLANG_WARN_BLOCK_CAPTURE_AUTORELEASING = YES;
				CLANG_WARN_BOOL_CONVERSION = YES;
				CLANG_WARN_COMMA = YES;
				CLANG_WARN_CONSTANT_CONVERSION = YES;
				CLANG_WARN_DEPRECATED_OBJC_IMPLEMENTATIONS = YES;
				CLANG_WARN_DIRECT_OBJC_ISA_USAGE = YES_ERROR;
				CLANG_WARN_DOCUMENTATION_COMMENTS = YES;
				CLANG_WARN_EMPTY_BODY = YES;
				CLANG_WARN_ENUM_CONVERSION = YES;
				CLANG_WARN_INFINITE_RECURSION = YES;
				CLANG_WARN_INT_CONVERSION = YES;
				CLANG_WARN_NON_LITERAL_NULL_CONVERSION = YES;
				CLANG_WARN_OBJC_IMPLICIT_RETAIN_SELF = YES;
				CLANG_WARN_OBJC_LITERAL_CONVERSION = YES;
				CLANG_WARN_OBJC_ROOT_CLASS = YES_ERROR;
				CLANG_WARN_QUOTED_INCLUDE_IN_FRAMEWORK_HEADER = YES;
				CLANG_WARN_RANGE_LOOP_ANALYSIS = YES;
				CLANG_WARN_STRICT_PROTOTYPES = YES;
				CLANG_WARN_SUSPICIOUS_MOVE = YES;
				CLANG_WARN_UNGUARDED_AVAILABILITY = YES_AGGRESSIVE;
				CLANG_WARN_UNREACHABLE_CODE = YES;
				CLANG_WARN__DUPLICATE_METHOD_MATCH = YES;
				COPY_PHASE_STRIP = NO;
				DEBUG_INFORMATION_FORMAT = "dwarf-with-dsym";
				ENABLE_NS_ASSERTIONS = NO;
				ENABLE_STRICT_OBJC_MSGSEND = YES;
				ENABLE_USER_SCRIPT_SANDBOXING = YES;
				GCC_C_LANGUAGE_STANDARD = gnu17;
				GCC_NO_COMMON_BLOCKS = YES;
				GCC_WARN_64_TO_32_BIT_CONVERSION = YES;
				GCC_WARN_ABOUT_RETURN_TYPE = YES_ERROR;
				GCC_WARN_UNDECLARED_SELECTOR = YES;
				GCC_WARN_UNINITIALIZED_AUTOS = YES_AGGRESSIVE;
				GCC_WARN_UNUSED_FUNCTION = YES;
				GCC_WARN_UNUSED_VARIABLE = YES;
				IPHONEOS_DEPLOYMENT_TARGET = 26.0;
				LOCALIZATION_PREFERS_STRING_CATALOGS = YES;
				MTL_ENABLE_DEBUG_INFO = NO;
				MTL_FAST_MATH = YES;
				SDKROOT = iphoneos;
				SWIFT_COMPILATION_MODE = wholemodule;
				VALIDATE_PRODUCT = YES;
			};
			name = Release;
		};
		15913F892E8EB4B800A015C7 /* Debug */ = {
			isa = XCBuildConfiguration;
			buildSettings = {
				ASSETCATALOG_COMPILER_APPICON_NAME = AppIcon;
				ASSETCATALOG_COMPILER_GLOBAL_ACCENT_COLOR_NAME = AccentColor;
				CODE_SIGN_STYLE = Automatic;
				CURRENT_PROJECT_VERSION = 1;
				ENABLE_PREVIEWS = YES;
				GENERATE_INFOPLIST_FILE = YES;
				INFOPLIST_KEY_UIApplicationSceneManifest_Generation = YES;
				INFOPLIST_KEY_UIApplicationSupportsIndirectInputEvents = YES;
				INFOPLIST_KEY_UILaunchScreen_Generation = YES;
				INFOPLIST_KEY_UISupportedInterfaceOrientations_iPad = "UIInterfaceOrientationPortrait UIInterfaceOrientationPortraitUpsideDown UIInterfaceOrientationLandscapeLeft UIInterfaceOrientationLandscapeRight";
				INFOPLIST_KEY_UISupportedInterfaceOrientations_iPhone = "UIInterfaceOrientationPortrait UIInterfaceOrientationLandscapeLeft UIInterfaceOrientationLandscapeRight";
				LD_RUNPATH_SEARCH_PATHS = (
					"$(inherited)",
					"@executable_path/Frameworks",
				);
				MARKETING_VERSION = 1.0;
				PRODUCT_BUNDLE_IDENTIFIER = NathanVisserDevelopment.LibertySocial;
				PRODUCT_NAME = "$(TARGET_NAME)";
				STRING_CATALOG_GENERATE_SYMBOLS = YES;
				SWIFT_APPROACHABLE_CONCURRENCY = YES;
				SWIFT_DEFAULT_ACTOR_ISOLATION = MainActor;
				SWIFT_EMIT_LOC_STRINGS = YES;
				SWIFT_UPCOMING_FEATURE_MEMBER_IMPORT_VISIBILITY = YES;
				SWIFT_VERSION = 5.0;
				TARGETED_DEVICE_FAMILY = "1,2";
			};
			name = Debug;
		};
		15913F8A2E8EB4B800A015C7 /* Release */ = {
			isa = XCBuildConfiguration;
			buildSettings = {
				ASSETCATALOG_COMPILER_APPICON_NAME = AppIcon;
				ASSETCATALOG_COMPILER_GLOBAL_ACCENT_COLOR_NAME = AccentColor;
				CODE_SIGN_STYLE = Automatic;
				CURRENT_PROJECT_VERSION = 1;
				ENABLE_PREVIEWS = YES;
				GENERATE_INFOPLIST_FILE = YES;
				INFOPLIST_KEY_UIApplicationSceneManifest_Generation = YES;
				INFOPLIST_KEY_UIApplicationSupportsIndirectInputEvents = YES;
				INFOPLIST_KEY_UILaunchScreen_Generation = YES;
				INFOPLIST_KEY_UISupportedInterfaceOrientations_iPad = "UIInterfaceOrientationPortrait UIInterfaceOrientationPortraitUpsideDown UIInterfaceOrientationLandscapeLeft UIInterfaceOrientationLandscapeRight";
				INFOPLIST_KEY_UISupportedInterfaceOrientations_iPhone = "UIInterfaceOrientationPortrait UIInterfaceOrientationLandscapeLeft UIInterfaceOrientationLandscapeRight";
				LD_RUNPATH_SEARCH_PATHS = (
					"$(inherited)",
					"@executable_path/Frameworks",
				);
				MARKETING_VERSION = 1.0;
				PRODUCT_BUNDLE_IDENTIFIER = NathanVisserDevelopment.LibertySocial;
				PRODUCT_NAME = "$(TARGET_NAME)";
				STRING_CATALOG_GENERATE_SYMBOLS = YES;
				SWIFT_APPROACHABLE_CONCURRENCY = YES;
				SWIFT_DEFAULT_ACTOR_ISOLATION = MainActor;
				SWIFT_EMIT_LOC_STRINGS = YES;
				SWIFT_UPCOMING_FEATURE_MEMBER_IMPORT_VISIBILITY = YES;
				SWIFT_VERSION = 5.0;
				TARGETED_DEVICE_FAMILY = "1,2";
			};
			name = Release;
		};
		15913F8C2E8EB4B800A015C7 /* Debug */ = {
			isa = XCBuildConfiguration;
			buildSettings = {
				BUNDLE_LOADER = "$(TEST_HOST)";
				CODE_SIGN_STYLE = Automatic;
				CURRENT_PROJECT_VERSION = 1;
				GENERATE_INFOPLIST_FILE = YES;
				IPHONEOS_DEPLOYMENT_TARGET = 26.0;
				MARKETING_VERSION = 1.0;
				PRODUCT_BUNDLE_IDENTIFIER = NathanVisserDevelopment.LibertySocialTests;
				PRODUCT_NAME = "$(TARGET_NAME)";
				STRING_CATALOG_GENERATE_SYMBOLS = NO;
				SWIFT_APPROACHABLE_CONCURRENCY = YES;
				SWIFT_EMIT_LOC_STRINGS = NO;
				SWIFT_UPCOMING_FEATURE_MEMBER_IMPORT_VISIBILITY = YES;
				SWIFT_VERSION = 5.0;
				TARGETED_DEVICE_FAMILY = "1,2";
				TEST_HOST = "$(BUILT_PRODUCTS_DIR)/LibertySocial.app/$(BUNDLE_EXECUTABLE_FOLDER_PATH)/LibertySocial";
			};
			name = Debug;
		};
		15913F8D2E8EB4B800A015C7 /* Release */ = {
			isa = XCBuildConfiguration;
			buildSettings = {
				BUNDLE_LOADER = "$(TEST_HOST)";
				CODE_SIGN_STYLE = Automatic;
				CURRENT_PROJECT_VERSION = 1;
				GENERATE_INFOPLIST_FILE = YES;
				IPHONEOS_DEPLOYMENT_TARGET = 26.0;
				MARKETING_VERSION = 1.0;
				PRODUCT_BUNDLE_IDENTIFIER = NathanVisserDevelopment.LibertySocialTests;
				PRODUCT_NAME = "$(TARGET_NAME)";
				STRING_CATALOG_GENERATE_SYMBOLS = NO;
				SWIFT_APPROACHABLE_CONCURRENCY = YES;
				SWIFT_EMIT_LOC_STRINGS = NO;
				SWIFT_UPCOMING_FEATURE_MEMBER_IMPORT_VISIBILITY = YES;
				SWIFT_VERSION = 5.0;
				TARGETED_DEVICE_FAMILY = "1,2";
				TEST_HOST = "$(BUILT_PRODUCTS_DIR)/LibertySocial.app/$(BUNDLE_EXECUTABLE_FOLDER_PATH)/LibertySocial";
			};
			name = Release;
		};
		15913F8F2E8EB4B800A015C7 /* Debug */ = {
			isa = XCBuildConfiguration;
			buildSettings = {
				CODE_SIGN_STYLE = Automatic;
				CURRENT_PROJECT_VERSION = 1;
				GENERATE_INFOPLIST_FILE = YES;
				MARKETING_VERSION = 1.0;
				PRODUCT_BUNDLE_IDENTIFIER = NathanVisserDevelopment.LibertySocialUITests;
				PRODUCT_NAME = "$(TARGET_NAME)";
				STRING_CATALOG_GENERATE_SYMBOLS = NO;
				SWIFT_APPROACHABLE_CONCURRENCY = YES;
				SWIFT_EMIT_LOC_STRINGS = NO;
				SWIFT_UPCOMING_FEATURE_MEMBER_IMPORT_VISIBILITY = YES;
				SWIFT_VERSION = 5.0;
				TARGETED_DEVICE_FAMILY = "1,2";
				TEST_TARGET_NAME = LibertySocial;
			};
			name = Debug;
		};
		15913F902E8EB4B800A015C7 /* Release */ = {
			isa = XCBuildConfiguration;
			buildSettings = {
				CODE_SIGN_STYLE = Automatic;
				CURRENT_PROJECT_VERSION = 1;
				GENERATE_INFOPLIST_FILE = YES;
				MARKETING_VERSION = 1.0;
				PRODUCT_BUNDLE_IDENTIFIER = NathanVisserDevelopment.LibertySocialUITests;
				PRODUCT_NAME = "$(TARGET_NAME)";
				STRING_CATALOG_GENERATE_SYMBOLS = NO;
				SWIFT_APPROACHABLE_CONCURRENCY = YES;
				SWIFT_EMIT_LOC_STRINGS = NO;
				SWIFT_UPCOMING_FEATURE_MEMBER_IMPORT_VISIBILITY = YES;
				SWIFT_VERSION = 5.0;
				TARGETED_DEVICE_FAMILY = "1,2";
				TEST_TARGET_NAME = LibertySocial;
			};
			name = Release;
		};
/* End XCBuildConfiguration section */

/* Begin XCConfigurationList section */
		15913F602E8EB4B600A015C7 /* Build configuration list for PBXProject "LibertySocial" */ = {
			isa = XCConfigurationList;
			buildConfigurations = (
				15913F862E8EB4B800A015C7 /* Debug */,
				15913F872E8EB4B800A015C7 /* Release */,
			);
			defaultConfigurationIsVisible = 0;
			defaultConfigurationName = Release;
		};
		15913F882E8EB4B800A015C7 /* Build configuration list for PBXNativeTarget "LibertySocial" */ = {
			isa = XCConfigurationList;
			buildConfigurations = (
				15913F892E8EB4B800A015C7 /* Debug */,
				15913F8A2E8EB4B800A015C7 /* Release */,
			);
			defaultConfigurationIsVisible = 0;
			defaultConfigurationName = Release;
		};
		15913F8B2E8EB4B800A015C7 /* Build configuration list for PBXNativeTarget "LibertySocialTests" */ = {
			isa = XCConfigurationList;
			buildConfigurations = (
				15913F8C2E8EB4B800A015C7 /* Debug */,
				15913F8D2E8EB4B800A015C7 /* Release */,
			);
			defaultConfigurationIsVisible = 0;
			defaultConfigurationName = Release;
		};
		15913F8E2E8EB4B800A015C7 /* Build configuration list for PBXNativeTarget "LibertySocialUITests" */ = {
			isa = XCConfigurationList;
			buildConfigurations = (
				15913F8F2E8EB4B800A015C7 /* Debug */,
				15913F902E8EB4B800A015C7 /* Release */,
			);
			defaultConfigurationIsVisible = 0;
			defaultConfigurationName = Release;
		};
/* End XCConfigurationList section */
	};
	rootObject = 15913F5D2E8EB4B600A015C7 /* Project object */;
}
